// !$*UTF8*$!
{
	archiveVersion = 1;
	classes = {
	};
	objectVersion = 52;
	objects = {

/* Begin PBXBuildFile section */
		066908D72B188C87004754ED /* Verb.swift in Sources */ = {isa = PBXBuildFile; fileRef = 0649B30E2B185A79009BC6E1 /* Verb.swift */; };
		066908D92B188C93004754ED /* IrregularVerbs.swift in Sources */ = {isa = PBXBuildFile; fileRef = 0649B30F2B185A79009BC6E1 /* IrregularVerbs.swift */; };
		067FBD4B2B1739FD00D7EA9F /* SnapKit in Frameworks */ = {isa = PBXBuildFile; productRef = 067FBD4A2B1739FD00D7EA9F /* SnapKit */; };
		067FBD4E2B1751A500D7EA9F /* UIView+Ex.swift in Sources */ = {isa = PBXBuildFile; fileRef = 067FBD4D2B1751A500D7EA9F /* UIView+Ex.swift */; };
		067FBD512B1753DD00D7EA9F /* UIStackView+Ex.swift in Sources */ = {isa = PBXBuildFile; fileRef = 067FBD502B1753DD00D7EA9F /* UIStackView+Ex.swift */; };
		06A693DC2B17065C008F5FB4 /* SelectVerbsTableViewSell.swift in Sources */ = {isa = PBXBuildFile; fileRef = 06A693DB2B17065C008F5FB4 /* SelectVerbsTableViewSell.swift */; };
		06F1796C2B14581F00310B93 /* AppDelegate.swift in Sources */ = {isa = PBXBuildFile; fileRef = 06F1796B2B14581F00310B93 /* AppDelegate.swift */; };
		06F179702B14581F00310B93 /* HomeViewController.swift in Sources */ = {isa = PBXBuildFile; fileRef = 06F1796F2B14581F00310B93 /* HomeViewController.swift */; };
		06F179752B14582300310B93 /* Assets.xcassets in Resources */ = {isa = PBXBuildFile; fileRef = 06F179742B14582300310B93 /* Assets.xcassets */; };
		06F179782B14582300310B93 /* LaunchScreen.storyboard in Resources */ = {isa = PBXBuildFile; fileRef = 06F179762B14582300310B93 /* LaunchScreen.storyboard */; };
		06F179842B14978F00310B93 /* String+Ex.swift in Sources */ = {isa = PBXBuildFile; fileRef = 06F179832B14978F00310B93 /* String+Ex.swift */; };
		06F1798E2B149AF400310B93 /* Localizable.strings in Resources */ = {isa = PBXBuildFile; fileRef = 06F179902B149AF400310B93 /* Localizable.strings */; };
		06F179942B15FB0100310B93 /* SelectVerbsViewController.swift in Sources */ = {isa = PBXBuildFile; fileRef = 06F179932B15FB0100310B93 /* SelectVerbsViewController.swift */; };
		06F179972B15FB7D00310B93 /* TrainViewController.swift in Sources */ = {isa = PBXBuildFile; fileRef = 06F179962B15FB7D00310B93 /* TrainViewController.swift */; };
/* End PBXBuildFile section */

/* Begin PBXFileReference section */
		0649B30E2B185A79009BC6E1 /* Verb.swift */ = {isa = PBXFileReference; lastKnownFileType = sourcecode.swift; path = Verb.swift; sourceTree = "<group>"; };
		0649B30F2B185A79009BC6E1 /* IrregularVerbs.swift */ = {isa = PBXFileReference; lastKnownFileType = sourcecode.swift; path = IrregularVerbs.swift; sourceTree = "<group>"; };
		067FBD4D2B1751A500D7EA9F /* UIView+Ex.swift */ = {isa = PBXFileReference; lastKnownFileType = sourcecode.swift; path = "UIView+Ex.swift"; sourceTree = "<group>"; };
		067FBD502B1753DD00D7EA9F /* UIStackView+Ex.swift */ = {isa = PBXFileReference; lastKnownFileType = sourcecode.swift; path = "UIStackView+Ex.swift"; sourceTree = "<group>"; };
		06A693DB2B17065C008F5FB4 /* SelectVerbsTableViewSell.swift */ = {isa = PBXFileReference; lastKnownFileType = sourcecode.swift; path = SelectVerbsTableViewSell.swift; sourceTree = "<group>"; };
		06F179682B14581F00310B93 /* IrregularVerbs.app */ = {isa = PBXFileReference; explicitFileType = wrapper.application; includeInIndex = 0; path = IrregularVerbs.app; sourceTree = BUILT_PRODUCTS_DIR; };
		06F1796B2B14581F00310B93 /* AppDelegate.swift */ = {isa = PBXFileReference; lastKnownFileType = sourcecode.swift; path = AppDelegate.swift; sourceTree = "<group>"; };
		06F1796F2B14581F00310B93 /* HomeViewController.swift */ = {isa = PBXFileReference; lastKnownFileType = sourcecode.swift; path = HomeViewController.swift; sourceTree = "<group>"; };
		06F179742B14582300310B93 /* Assets.xcassets */ = {isa = PBXFileReference; lastKnownFileType = folder.assetcatalog; path = Assets.xcassets; sourceTree = "<group>"; };
		06F179772B14582300310B93 /* Base */ = {isa = PBXFileReference; lastKnownFileType = file.storyboard; name = Base; path = Base.lproj/LaunchScreen.storyboard; sourceTree = "<group>"; };
		06F179792B14582300310B93 /* Info.plist */ = {isa = PBXFileReference; lastKnownFileType = text.plist.xml; path = Info.plist; sourceTree = "<group>"; };
		06F179832B14978F00310B93 /* String+Ex.swift */ = {isa = PBXFileReference; lastKnownFileType = sourcecode.swift; path = "String+Ex.swift"; sourceTree = "<group>"; };
		06F1798F2B149AF400310B93 /* en */ = {isa = PBXFileReference; lastKnownFileType = text.plist.strings; name = en; path = en.lproj/Localizable.strings; sourceTree = "<group>"; };
		06F179912B149B1400310B93 /* ru */ = {isa = PBXFileReference; lastKnownFileType = text.plist.strings; name = ru; path = ru.lproj/Localizable.strings; sourceTree = "<group>"; };
		06F179932B15FB0100310B93 /* SelectVerbsViewController.swift */ = {isa = PBXFileReference; lastKnownFileType = sourcecode.swift; path = SelectVerbsViewController.swift; sourceTree = "<group>"; };
		06F179962B15FB7D00310B93 /* TrainViewController.swift */ = {isa = PBXFileReference; lastKnownFileType = sourcecode.swift; path = TrainViewController.swift; sourceTree = "<group>"; };
/* End PBXFileReference section */

/* Begin PBXFrameworksBuildPhase section */
		06F179652B14581F00310B93 /* Frameworks */ = {
			isa = PBXFrameworksBuildPhase;
			buildActionMask = 2147483647;
			files = (
				067FBD4B2B1739FD00D7EA9F /* SnapKit in Frameworks */,
			);
			runOnlyForDeploymentPostprocessing = 0;
		};
/* End PBXFrameworksBuildPhase section */

/* Begin PBXGroup section */
		0649B30D2B185A79009BC6E1 /* Models */ = {
			isa = PBXGroup;
			children = (
				0649B30E2B185A79009BC6E1 /* Verb.swift */,
				0649B30F2B185A79009BC6E1 /* IrregularVerbs.swift */,
			);
			path = Models;
			sourceTree = "<group>";
		};
		067FBD532B17D4F300D7EA9F /* View */ = {
			isa = PBXGroup;
			children = (
				06A693DB2B17065C008F5FB4 /* SelectVerbsTableViewSell.swift */,
			);
			path = View;
			sourceTree = "<group>";
		};
		067FBD542B17D50000D7EA9F /* Controller */ = {
			isa = PBXGroup;
			children = (
				06F179932B15FB0100310B93 /* SelectVerbsViewController.swift */,
			);
			path = Controller;
			sourceTree = "<group>";
		};
		06F1795F2B14581F00310B93 = {
			isa = PBXGroup;
			children = (
				06F1796A2B14581F00310B93 /* IrregularVerbs */,
				06F179692B14581F00310B93 /* Products */,
			);
			sourceTree = "<group>";
		};
		06F179692B14581F00310B93 /* Products */ = {
			isa = PBXGroup;
			children = (
				06F179682B14581F00310B93 /* IrregularVerbs.app */,
			);
			name = Products;
			sourceTree = "<group>";
		};
		06F1796A2B14581F00310B93 /* IrregularVerbs */ = {
			isa = PBXGroup;
			children = (
				06F1796B2B14581F00310B93 /* AppDelegate.swift */,
				06F179892B14988500310B93 /* Home */,
				06F179992B15FBAF00310B93 /* Select */,
				06F1799A2B15FBBE00310B93 /* Train */,
				06F179862B1497A800310B93 /* Extensions */,
				06F179742B14582300310B93 /* Assets.xcassets */,
				06F179902B149AF400310B93 /* Localizable.strings */,
				06F179762B14582300310B93 /* LaunchScreen.storyboard */,
				06F179792B14582300310B93 /* Info.plist */,
			);
			path = IrregularVerbs;
			sourceTree = "<group>";
		};
		06F179862B1497A800310B93 /* Extensions */ = {
			isa = PBXGroup;
			children = (
				06F179832B14978F00310B93 /* String+Ex.swift */,
				067FBD4D2B1751A500D7EA9F /* UIView+Ex.swift */,
				067FBD502B1753DD00D7EA9F /* UIStackView+Ex.swift */,
			);
			path = Extensions;
			sourceTree = "<group>";
		};
		06F179882B14981200310B93 /* Controller */ = {
			isa = PBXGroup;
			children = (
				06F1796F2B14581F00310B93 /* HomeViewController.swift */,
			);
			path = Controller;
			sourceTree = "<group>";
		};
		06F179892B14988500310B93 /* Home */ = {
			isa = PBXGroup;
			children = (
				06F179882B14981200310B93 /* Controller */,
			);
			path = Home;
			sourceTree = "<group>";
		};
		06F179992B15FBAF00310B93 /* Select */ = {
			isa = PBXGroup;
			children = (
				0649B30D2B185A79009BC6E1 /* Models */,
				067FBD542B17D50000D7EA9F /* Controller */,
				067FBD532B17D4F300D7EA9F /* View */,
			);
			path = Select;
			sourceTree = "<group>";
		};
		06F1799A2B15FBBE00310B93 /* Train */ = {
			isa = PBXGroup;
			children = (
				06F179962B15FB7D00310B93 /* TrainViewController.swift */,
			);
			path = Train;
			sourceTree = "<group>";
		};
/* End PBXGroup section */

/* Begin PBXNativeTarget section */
		06F179672B14581F00310B93 /* IrregularVerbs */ = {
			isa = PBXNativeTarget;
			buildConfigurationList = 06F1797C2B14582300310B93 /* Build configuration list for PBXNativeTarget "IrregularVerbs" */;
			buildPhases = (
				06F179642B14581F00310B93 /* Sources */,
				06F179652B14581F00310B93 /* Frameworks */,
				06F179662B14581F00310B93 /* Resources */,
			);
			buildRules = (
			);
			dependencies = (
			);
			name = IrregularVerbs;
			packageProductDependencies = (
				067FBD4A2B1739FD00D7EA9F /* SnapKit */,
			);
			productName = IrregularVerbs;
			productReference = 06F179682B14581F00310B93 /* IrregularVerbs.app */;
			productType = "com.apple.product-type.application";
		};
/* End PBXNativeTarget section */

/* Begin PBXProject section */
		06F179602B14581F00310B93 /* Project object */ = {
			isa = PBXProject;
			attributes = {
				LastSwiftUpdateCheck = 1240;
				LastUpgradeCheck = 1240;
				TargetAttributes = {
					06F179672B14581F00310B93 = {
						CreatedOnToolsVersion = 12.4;
					};
				};
			};
			buildConfigurationList = 06F179632B14581F00310B93 /* Build configuration list for PBXProject "IrregularVerbs" */;
			compatibilityVersion = "Xcode 9.3";
			developmentRegion = en;
			hasScannedForEncodings = 0;
			knownRegions = (
				en,
				Base,
				ru,
			);
			mainGroup = 06F1795F2B14581F00310B93;
			packageReferences = (
				067FBD492B1739FD00D7EA9F /* XCRemoteSwiftPackageReference "SnapKit" */,
			);
			productRefGroup = 06F179692B14581F00310B93 /* Products */;
			projectDirPath = "";
			projectRoot = "";
			targets = (
				06F179672B14581F00310B93 /* IrregularVerbs */,
			);
		};
/* End PBXProject section */

/* Begin PBXResourcesBuildPhase section */
		06F179662B14581F00310B93 /* Resources */ = {
			isa = PBXResourcesBuildPhase;
			buildActionMask = 2147483647;
			files = (
				06F179782B14582300310B93 /* LaunchScreen.storyboard in Resources */,
				06F1798E2B149AF400310B93 /* Localizable.strings in Resources */,
				06F179752B14582300310B93 /* Assets.xcassets in Resources */,
			);
			runOnlyForDeploymentPostprocessing = 0;
		};
/* End PBXResourcesBuildPhase section */

/* Begin PBXSourcesBuildPhase section */
		06F179642B14581F00310B93 /* Sources */ = {
			isa = PBXSourcesBuildPhase;
			buildActionMask = 2147483647;
			files = (
				066908D92B188C93004754ED /* IrregularVerbs.swift in Sources */,
				066908D72B188C87004754ED /* Verb.swift in Sources */,
				06A693DC2B17065C008F5FB4 /* SelectVerbsTableViewSell.swift in Sources */,
				06F179842B14978F00310B93 /* String+Ex.swift in Sources */,
				06F179702B14581F00310B93 /* HomeViewController.swift in Sources */,
				06F179972B15FB7D00310B93 /* TrainViewController.swift in Sources */,
				06F1796C2B14581F00310B93 /* AppDelegate.swift in Sources */,
				06F179942B15FB0100310B93 /* SelectVerbsViewController.swift in Sources */,
				067FBD512B1753DD00D7EA9F /* UIStackView+Ex.swift in Sources */,
				067FBD4E2B1751A500D7EA9F /* UIView+Ex.swift in Sources */,
			);
			runOnlyForDeploymentPostprocessing = 0;
		};
/* End PBXSourcesBuildPhase section */

/* Begin PBXVariantGroup section */
		06F179762B14582300310B93 /* LaunchScreen.storyboard */ = {
			isa = PBXVariantGroup;
			children = (
				06F179772B14582300310B93 /* Base */,
			);
			name = LaunchScreen.storyboard;
			sourceTree = "<group>";
		};
		06F179902B149AF400310B93 /* Localizable.strings */ = {
			isa = PBXVariantGroup;
			children = (
				06F1798F2B149AF400310B93 /* en */,
				06F179912B149B1400310B93 /* ru */,
			);
			name = Localizable.strings;
			sourceTree = "<group>";
		};
/* End PBXVariantGroup section */

/* Begin XCBuildConfiguration section */
		06F1797A2B14582300310B93 /* Debug */ = {
			isa = XCBuildConfiguration;
			buildSettings = {
				ALWAYS_SEARCH_USER_PATHS = NO;
				CLANG_ANALYZER_LOCALIZABILITY_NONLOCALIZED = YES;
				CLANG_ANALYZER_NONNULL = YES;
				CLANG_ANALYZER_NUMBER_OBJECT_CONVERSION = YES_AGGRESSIVE;
				CLANG_CXX_LANGUAGE_STANDARD = "gnu++14";
				CLANG_CXX_LIBRARY = "libc++";
				CLANG_ENABLE_MODULES = YES;
				CLANG_ENABLE_OBJC_ARC = YES;
				CLANG_ENABLE_OBJC_WEAK = YES;
				CLANG_WARN_BLOCK_CAPTURE_AUTORELEASING = YES;
				CLANG_WARN_BOOL_CONVERSION = YES;
				CLANG_WARN_COMMA = YES;
				CLANG_WARN_CONSTANT_CONVERSION = YES;
				CLANG_WARN_DEPRECATED_OBJC_IMPLEMENTATIONS = YES;
				CLANG_WARN_DIRECT_OBJC_ISA_USAGE = YES_ERROR;
				CLANG_WARN_DOCUMENTATION_COMMENTS = YES;
				CLANG_WARN_EMPTY_BODY = YES;
				CLANG_WARN_ENUM_CONVERSION = YES;
				CLANG_WARN_INFINITE_RECURSION = YES;
				CLANG_WARN_INT_CONVERSION = YES;
				CLANG_WARN_NON_LITERAL_NULL_CONVERSION = YES;
				CLANG_WARN_OBJC_IMPLICIT_RETAIN_SELF = YES;
				CLANG_WARN_OBJC_LITERAL_CONVERSION = YES;
				CLANG_WARN_OBJC_ROOT_CLASS = YES_ERROR;
				CLANG_WARN_QUOTED_INCLUDE_IN_FRAMEWORK_HEADER = YES;
				CLANG_WARN_RANGE_LOOP_ANALYSIS = YES;
				CLANG_WARN_STRICT_PROTOTYPES = YES;
				CLANG_WARN_SUSPICIOUS_MOVE = YES;
				CLANG_WARN_UNGUARDED_AVAILABILITY = YES_AGGRESSIVE;
				CLANG_WARN_UNREACHABLE_CODE = YES;
				CLANG_WARN__DUPLICATE_METHOD_MATCH = YES;
				COPY_PHASE_STRIP = NO;
				DEBUG_INFORMATION_FORMAT = dwarf;
				ENABLE_STRICT_OBJC_MSGSEND = YES;
				ENABLE_TESTABILITY = YES;
				GCC_C_LANGUAGE_STANDARD = gnu11;
				GCC_DYNAMIC_NO_PIC = NO;
				GCC_NO_COMMON_BLOCKS = YES;
				GCC_OPTIMIZATION_LEVEL = 0;
				GCC_PREPROCESSOR_DEFINITIONS = (
					"DEBUG=1",
					"$(inherited)",
				);
				GCC_WARN_64_TO_32_BIT_CONVERSION = YES;
				GCC_WARN_ABOUT_RETURN_TYPE = YES_ERROR;
				GCC_WARN_UNDECLARED_SELECTOR = YES;
				GCC_WARN_UNINITIALIZED_AUTOS = YES_AGGRESSIVE;
				GCC_WARN_UNUSED_FUNCTION = YES;
				GCC_WARN_UNUSED_VARIABLE = YES;
				IPHONEOS_DEPLOYMENT_TARGET = 14.4;
				MTL_ENABLE_DEBUG_INFO = INCLUDE_SOURCE;
				MTL_FAST_MATH = YES;
				ONLY_ACTIVE_ARCH = YES;
				SDKROOT = iphoneos;
				SWIFT_ACTIVE_COMPILATION_CONDITIONS = DEBUG;
				SWIFT_OPTIMIZATION_LEVEL = "-Onone";
			};
			name = Debug;
		};
		06F1797B2B14582300310B93 /* Release */ = {
			isa = XCBuildConfiguration;
			buildSettings = {
				ALWAYS_SEARCH_USER_PATHS = NO;
				CLANG_ANALYZER_LOCALIZABILITY_NONLOCALIZED = YES;
				CLANG_ANALYZER_NONNULL = YES;
				CLANG_ANALYZER_NUMBER_OBJECT_CONVERSION = YES_AGGRESSIVE;
				CLANG_CXX_LANGUAGE_STANDARD = "gnu++14";
				CLANG_CXX_LIBRARY = "libc++";
				CLANG_ENABLE_MODULES = YES;
				CLANG_ENABLE_OBJC_ARC = YES;
				CLANG_ENABLE_OBJC_WEAK = YES;
				CLANG_WARN_BLOCK_CAPTURE_AUTORELEASING = YES;
				CLANG_WARN_BOOL_CONVERSION = YES;
				CLANG_WARN_COMMA = YES;
				CLANG_WARN_CONSTANT_CONVERSION = YES;
				CLANG_WARN_DEPRECATED_OBJC_IMPLEMENTATIONS = YES;
				CLANG_WARN_DIRECT_OBJC_ISA_USAGE = YES_ERROR;
				CLANG_WARN_DOCUMENTATION_COMMENTS = YES;
				CLANG_WARN_EMPTY_BODY = YES;
				CLANG_WARN_ENUM_CONVERSION = YES;
				CLANG_WARN_INFINITE_RECURSION = YES;
				CLANG_WARN_INT_CONVERSION = YES;
				CLANG_WARN_NON_LITERAL_NULL_CONVERSION = YES;
				CLANG_WARN_OBJC_IMPLICIT_RETAIN_SELF = YES;
				CLANG_WARN_OBJC_LITERAL_CONVERSION = YES;
				CLANG_WARN_OBJC_ROOT_CLASS = YES_ERROR;
				CLANG_WARN_QUOTED_INCLUDE_IN_FRAMEWORK_HEADER = YES;
				CLANG_WARN_RANGE_LOOP_ANALYSIS = YES;
				CLANG_WARN_STRICT_PROTOTYPES = YES;
				CLANG_WARN_SUSPICIOUS_MOVE = YES;
				CLANG_WARN_UNGUARDED_AVAILABILITY = YES_AGGRESSIVE;
				CLANG_WARN_UNREACHABLE_CODE = YES;
				CLANG_WARN__DUPLICATE_METHOD_MATCH = YES;
				COPY_PHASE_STRIP = NO;
				DEBUG_INFORMATION_FORMAT = "dwarf-with-dsym";
				ENABLE_NS_ASSERTIONS = NO;
				ENABLE_STRICT_OBJC_MSGSEND = YES;
				GCC_C_LANGUAGE_STANDARD = gnu11;
				GCC_NO_COMMON_BLOCKS = YES;
				GCC_WARN_64_TO_32_BIT_CONVERSION = YES;
				GCC_WARN_ABOUT_RETURN_TYPE = YES_ERROR;
				GCC_WARN_UNDECLARED_SELECTOR = YES;
				GCC_WARN_UNINITIALIZED_AUTOS = YES_AGGRESSIVE;
				GCC_WARN_UNUSED_FUNCTION = YES;
				GCC_WARN_UNUSED_VARIABLE = YES;
				IPHONEOS_DEPLOYMENT_TARGET = 14.4;
				MTL_ENABLE_DEBUG_INFO = NO;
				MTL_FAST_MATH = YES;
				SDKROOT = iphoneos;
				SWIFT_COMPILATION_MODE = wholemodule;
				SWIFT_OPTIMIZATION_LEVEL = "-O";
				VALIDATE_PRODUCT = YES;
			};
			name = Release;
		};
		06F1797D2B14582300310B93 /* Debug */ = {
			isa = XCBuildConfiguration;
			buildSettings = {
				ASSETCATALOG_COMPILER_APPICON_NAME = AppIcon;
				ASSETCATALOG_COMPILER_GLOBAL_ACCENT_COLOR_NAME = AccentColor;
				CODE_SIGN_STYLE = Automatic;
				DEVELOPMENT_TEAM = 4DR6RFVM32;
				INFOPLIST_FILE = IrregularVerbs/Info.plist;
				LD_RUNPATH_SEARCH_PATHS = (
					"$(inherited)",
					"@executable_path/Frameworks",
				);
				PRODUCT_BUNDLE_IDENTIFIER = "Kateryna-Fomenko.IrregularVerbs";
				PRODUCT_NAME = "$(TARGET_NAME)";
				SWIFT_VERSION = 5.0;
				TARGETED_DEVICE_FAMILY = "1,2";
			};
			name = Debug;
		};
		06F1797E2B14582300310B93 /* Release */ = {
			isa = XCBuildConfiguration;
			buildSettings = {
				ASSETCATALOG_COMPILER_APPICON_NAME = AppIcon;
				ASSETCATALOG_COMPILER_GLOBAL_ACCENT_COLOR_NAME = AccentColor;
				CODE_SIGN_STYLE = Automatic;
				DEVELOPMENT_TEAM = 4DR6RFVM32;
				INFOPLIST_FILE = IrregularVerbs/Info.plist;
				LD_RUNPATH_SEARCH_PATHS = (
					"$(inherited)",
					"@executable_path/Frameworks",
				);
				PRODUCT_BUNDLE_IDENTIFIER = "Kateryna-Fomenko.IrregularVerbs";
				PRODUCT_NAME = "$(TARGET_NAME)";
				SWIFT_VERSION = 5.0;
				TARGETED_DEVICE_FAMILY = "1,2";
			};
			name = Release;
		};
/* End XCBuildConfiguration section */

/* Begin XCConfigurationList section */
		06F179632B14581F00310B93 /* Build configuration list for PBXProject "IrregularVerbs" */ = {
			isa = XCConfigurationList;
			buildConfigurations = (
				06F1797A2B14582300310B93 /* Debug */,
				06F1797B2B14582300310B93 /* Release */,
			);
			defaultConfigurationIsVisible = 0;
			defaultConfigurationName = Release;
		};
		06F1797C2B14582300310B93 /* Build configuration list for PBXNativeTarget "IrregularVerbs" */ = {
			isa = XCConfigurationList;
			buildConfigurations = (
				06F1797D2B14582300310B93 /* Debug */,
				06F1797E2B14582300310B93 /* Release */,
			);
			defaultConfigurationIsVisible = 0;
			defaultConfigurationName = Release;
		};
/* End XCConfigurationList section */

/* Begin XCRemoteSwiftPackageReference section */
		067FBD492B1739FD00D7EA9F /* XCRemoteSwiftPackageReference "SnapKit" */ = {
			isa = XCRemoteSwiftPackageReference;
			repositoryURL = "https://github.com/SnapKit/SnapKit.git";
			requirement = {
				kind = upToNextMajorVersion;
				minimumVersion = 5.6.0;
			};
		};
/* End XCRemoteSwiftPackageReference section */

/* Begin XCSwiftPackageProductDependency section */
		067FBD4A2B1739FD00D7EA9F /* SnapKit */ = {
			isa = XCSwiftPackageProductDependency;
			package = 067FBD492B1739FD00D7EA9F /* XCRemoteSwiftPackageReference "SnapKit" */;
			productName = SnapKit;
		};
/* End XCSwiftPackageProductDependency section */
	};
	rootObject = 06F179602B14581F00310B93 /* Project object */;
}
